
Microsoft Visual Studio Solution File, Format Version 12.00
# Visual Studio Version 17
VisualStudioVersion = 17.0.32014.148
MinimumVisualStudioVersion = 10.0.40219.1
Project("{FAE04EC0-301F-11D3-BF4B-00C04F79EFBC}") = "DesafioFilmesNubank", "DesafioFilmesNubank\DesafioFilmesNubank.csproj", "{49C165F0-2FB7-467E-AAA3-1902DF306B85}"
EndProject
Global
	GlobalSection(SolutionConfigurationPlatforms) = preSolution
		Debug|Any CPU = Debug|Any CPU
		Release|Any CPU = Release|Any CPU
	EndGlobalSection
	GlobalSection(ProjectConfigurationPlatforms) = postSolution
		{49C165F0-2FB7-467E-AAA3-1902DF306B85}.Debug|Any CPU.ActiveCfg = Debug|Any CPU
		{49C165F0-2FB7-467E-AAA3-1902DF306B85}.Debug|Any CPU.Build.0 = Debug|Any CPU
		{49C165F0-2FB7-467E-AAA3-1902DF306B85}.Release|Any CPU.ActiveCfg = Release|Any CPU
		{49C165F0-2FB7-467E-AAA3-1902DF306B85}.Release|Any CPU.Build.0 = Release|Any CPU
	EndGlobalSection
	GlobalSection(SolutionProperties) = preSolution
		HideSolutionNode = FALSE
	EndGlobalSection
	GlobalSection(ExtensibilityGlobals) = postSolution
		SolutionGuid = {6293A980-4955-45DE-B6B2-AD568E838AFE}
	EndGlobalSection
EndGlobal
